{
  "name": "javascript",
  "version": "1.0.0",
  "lockfileVersion": 2,
  "requires": true,
  "packages": {
    "": {
      "name": "javascript",
      "version": "1.0.0",
      "license": "ISC",
      "dependencies": {
        "memory": "^0.0.3"
      }
    },
    "node_modules/memory": {
      "version": "0.0.3",
      "resolved": "https://registry.npmjs.org/memory/-/memory-0.0.3.tgz",
      "integrity": "sha1-zgCclqXIreLyz0psmmlCprX+JvU=",
      "engines": {
        "node": "~v0.4.11"
      }
    }
  },
  "dependencies": {
    "memory": {
      "version": "0.0.3",
      "resolved": "https://registry.npmjs.org/memory/-/memory-0.0.3.tgz",
      "integrity": "sha1-zgCclqXIreLyz0psmmlCprX+JvU="
    }
  }
}
